<?xml version="1.0" encoding="utf-8"?>
<Project ToolsVersion="4.0" xmlns="http://schemas.microsoft.com/developer/msbuild/2003">
  <ItemGroup>
    <Filter Include="Source Files">
      <UniqueIdentifier>{4FC737F1-C7A5-4376-A066-2A32D752A2FF}</UniqueIdentifier>
      <Extensions>cpp;c;cc;cxx;c++;cppm;ixx;def;odl;idl;hpj;bat;asm;asmx</Extensions>
    </Filter>
    <Filter Include="Header Files">
      <UniqueIdentifier>{93995380-89BD-4b04-88EB-625FBE52EBFB}</UniqueIdentifier>
      <Extensions>h;hh;hpp;hxx;h++;hm;inl;inc;ipp;xsd</Extensions>
    </Filter>
    <Filter Include="Resource Files">
      <UniqueIdentifier>{67DA6AB6-F800-4c08-8B7A-83BB121AAD01}</UniqueIdentifier>
      <Extensions>rc;ico;cur;bmp;dlg;rc2;rct;bin;rgs;gif;jpg;jpeg;jpe;resx;tiff;tif;png;wav;mfcribbon-ms</Extensions>
    </Filter>
  </ItemGroup>
  <ItemGroup>
    <ClCompile Include="c++ScratchPad.cpp">
      <Filter>Source Files</Filter>
    </ClCompile>
    <ClCompile Include="rickstrings.cpp">
      <Filter>Source Files</Filter>
    </ClCompile>
    <ClCompile Include="rickvalidatedata.cpp">
      <Filter>Source Files</Filter>
    </ClCompile>
    <ClCompile Include="milespergallon.cpp">
      <Filter>Source Files</Filter>
    </ClCompile>
    <ClCompile Include="employeewage.cpp">
      <Filter>Source Files</Filter>
    </ClCompile>
    <ClCompile Include="createaccount.cpp">
      <Filter>Source Files</Filter>
    </ClCompile>
  </ItemGroup>
  <ItemGroup>
    <Text Include="old_code.txt" />
    <Text Include="test.txt" />
    <Text Include="test1.txt" />
    <Text Include="trips.txt" />
    <Text Include="..\..\..\..\..\murach\cpp\vs\ex_starts\ch05_ex3_employee_wages\employee_wages\wages.txt" />
  </ItemGroup>
  <ItemGroup>
    <ClInclude Include="rickstrings.h">
      <Filter>Header Files</Filter>
    </ClInclude>
    <ClInclude Include="rickvalidatedata.h">
      <Filter>Header Files</Filter>
    </ClInclude>
    <ClInclude Include="milespergallon.h">
      <Filter>Header Files</Filter>
    </ClInclude>
    <ClInclude Include="employeewage.h">
      <Filter>Header Files</Filter>
    </ClInclude>
    <ClInclude Include="createaccount.h">
      <Filter>Header Files</Filter>
    </ClInclude>
  </ItemGroup>
</Project>